// !$*UTF8*$!
{
	archiveVersion = 1;
	classes = {
	};
	objectVersion = 50;
	objects = {

/* Begin PBXBuildFile section */
		273FA7EA2231BAFB000FEBC2 /* AppDelegate.swift in Sources */ = {isa = PBXBuildFile; fileRef = 273FA7E92231BAFB000FEBC2 /* AppDelegate.swift */; };
		273FA7EC2231BAFB000FEBC2 /* ViewController.swift in Sources */ = {isa = PBXBuildFile; fileRef = 273FA7EB2231BAFB000FEBC2 /* ViewController.swift */; };
		273FA7EF2231BAFB000FEBC2 /* Main.storyboard in Resources */ = {isa = PBXBuildFile; fileRef = 273FA7ED2231BAFB000FEBC2 /* Main.storyboard */; };
		273FA7F12231BAFD000FEBC2 /* Assets.xcassets in Resources */ = {isa = PBXBuildFile; fileRef = 273FA7F02231BAFD000FEBC2 /* Assets.xcassets */; };
		273FA7F42231BAFD000FEBC2 /* LaunchScreen.storyboard in Resources */ = {isa = PBXBuildFile; fileRef = 273FA7F22231BAFD000FEBC2 /* LaunchScreen.storyboard */; };
		273FA7FF2231BAFD000FEBC2 /* quick_gramTests.swift in Sources */ = {isa = PBXBuildFile; fileRef = 273FA7FE2231BAFD000FEBC2 /* quick_gramTests.swift */; };
		273FA80A2231BAFD000FEBC2 /* quick_gramUITests.swift in Sources */ = {isa = PBXBuildFile; fileRef = 273FA8092231BAFD000FEBC2 /* quick_gramUITests.swift */; };
/* End PBXBuildFile section */

/* Begin PBXContainerItemProxy section */
		273FA7FB2231BAFD000FEBC2 /* PBXContainerItemProxy */ = {
			isa = PBXContainerItemProxy;
			containerPortal = 273FA7DE2231BAFB000FEBC2 /* Project object */;
			proxyType = 1;
			remoteGlobalIDString = 273FA7E52231BAFB000FEBC2;
			remoteInfo = "quick-gram";
		};
		273FA8062231BAFD000FEBC2 /* PBXContainerItemProxy */ = {
			isa = PBXContainerItemProxy;
			containerPortal = 273FA7DE2231BAFB000FEBC2 /* Project object */;
			proxyType = 1;
			remoteGlobalIDString = 273FA7E52231BAFB000FEBC2;
			remoteInfo = "quick-gram";
		};
/* End PBXContainerItemProxy section */

/* Begin PBXFileReference section */
		273FA7E62231BAFB000FEBC2 /* quick-gram.app */ = {isa = PBXFileReference; explicitFileType = wrapper.application; includeInIndex = 0; path = "quick-gram.app"; sourceTree = BUILT_PRODUCTS_DIR; };
		273FA7E92231BAFB000FEBC2 /* AppDelegate.swift */ = {isa = PBXFileReference; lastKnownFileType = sourcecode.swift; path = AppDelegate.swift; sourceTree = "<group>"; };
		273FA7EB2231BAFB000FEBC2 /* ViewController.swift */ = {isa = PBXFileReference; lastKnownFileType = sourcecode.swift; path = ViewController.swift; sourceTree = "<group>"; };
		273FA7EE2231BAFB000FEBC2 /* Base */ = {isa = PBXFileReference; lastKnownFileType = file.storyboard; name = Base; path = Base.lproj/Main.storyboard; sourceTree = "<group>"; };
		273FA7F02231BAFD000FEBC2 /* Assets.xcassets */ = {isa = PBXFileReference; lastKnownFileType = folder.assetcatalog; path = Assets.xcassets; sourceTree = "<group>"; };
		273FA7F32231BAFD000FEBC2 /* Base */ = {isa = PBXFileReference; lastKnownFileType = file.storyboard; name = Base; path = Base.lproj/LaunchScreen.storyboard; sourceTree = "<group>"; };
		273FA7F52231BAFD000FEBC2 /* Info.plist */ = {isa = PBXFileReference; lastKnownFileType = text.plist.xml; path = Info.plist; sourceTree = "<group>"; };
		273FA7FA2231BAFD000FEBC2 /* quick-gramTests.xctest */ = {isa = PBXFileReference; explicitFileType = wrapper.cfbundle; includeInIndex = 0; path = "quick-gramTests.xctest"; sourceTree = BUILT_PRODUCTS_DIR; };
		273FA7FE2231BAFD000FEBC2 /* quick_gramTests.swift */ = {isa = PBXFileReference; lastKnownFileType = sourcecode.swift; path = quick_gramTests.swift; sourceTree = "<group>"; };
		273FA8002231BAFD000FEBC2 /* Info.plist */ = {isa = PBXFileReference; lastKnownFileType = text.plist.xml; path = Info.plist; sourceTree = "<group>"; };
		273FA8052231BAFD000FEBC2 /* quick-gramUITests.xctest */ = {isa = PBXFileReference; explicitFileType = wrapper.cfbundle; includeInIndex = 0; path = "quick-gramUITests.xctest"; sourceTree = BUILT_PRODUCTS_DIR; };
		273FA8092231BAFD000FEBC2 /* quick_gramUITests.swift */ = {isa = PBXFileReference; lastKnownFileType = sourcecode.swift; path = quick_gramUITests.swift; sourceTree = "<group>"; };
		273FA80B2231BAFD000FEBC2 /* Info.plist */ = {isa = PBXFileReference; lastKnownFileType = text.plist.xml; path = Info.plist; sourceTree = "<group>"; };
/* End PBXFileReference section */

/* Begin PBXFrameworksBuildPhase section */
		273FA7E32231BAFB000FEBC2 /* Frameworks */ = {
			isa = PBXFrameworksBuildPhase;
			buildActionMask = 2147483647;
			files = (
			);
			runOnlyForDeploymentPostprocessing = 0;
		};
		273FA7F72231BAFD000FEBC2 /* Frameworks */ = {
			isa = PBXFrameworksBuildPhase;
			buildActionMask = 2147483647;
			files = (
			);
			runOnlyForDeploymentPostprocessing = 0;
		};
		273FA8022231BAFD000FEBC2 /* Frameworks */ = {
			isa = PBXFrameworksBuildPhase;
			buildActionMask = 2147483647;
			files = (
			);
			runOnlyForDeploymentPostprocessing = 0;
		};
/* End PBXFrameworksBuildPhase section */

/* Begin PBXGroup section */
		273FA7DD2231BAFB000FEBC2 = {
			isa = PBXGroup;
			children = (
				273FA7E82231BAFB000FEBC2 /* quick-gram */,
				273FA7FD2231BAFD000FEBC2 /* quick-gramTests */,
				273FA8082231BAFD000FEBC2 /* quick-gramUITests */,
				273FA7E72231BAFB000FEBC2 /* Products */,
			);
			sourceTree = "<group>";
		};
		273FA7E72231BAFB000FEBC2 /* Products */ = {
			isa = PBXGroup;
			children = (
				273FA7E62231BAFB000FEBC2 /* quick-gram.app */,
				273FA7FA2231BAFD000FEBC2 /* quick-gramTests.xctest */,
				273FA8052231BAFD000FEBC2 /* quick-gramUITests.xctest */,
			);
			name = Products;
			sourceTree = "<group>";
		};
		273FA7E82231BAFB000FEBC2 /* quick-gram */ = {
			isa = PBXGroup;
			children = (
				273FA7E92231BAFB000FEBC2 /* AppDelegate.swift */,
				273FA7EB2231BAFB000FEBC2 /* ViewController.swift */,
				273FA7ED2231BAFB000FEBC2 /* Main.storyboard */,
				273FA7F02231BAFD000FEBC2 /* Assets.xcassets */,
				273FA7F22231BAFD000FEBC2 /* LaunchScreen.storyboard */,
				273FA7F52231BAFD000FEBC2 /* Info.plist */,
			);
			path = "quick-gram";
			sourceTree = "<group>";
		};
		273FA7FD2231BAFD000FEBC2 /* quick-gramTests */ = {
			isa = PBXGroup;
			children = (
				273FA7FE2231BAFD000FEBC2 /* quick_gramTests.swift */,
				273FA8002231BAFD000FEBC2 /* Info.plist */,
			);
			path = "quick-gramTests";
			sourceTree = "<group>";
		};
		273FA8082231BAFD000FEBC2 /* quick-gramUITests */ = {
			isa = PBXGroup;
			children = (
				273FA8092231BAFD000FEBC2 /* quick_gramUITests.swift */,
				273FA80B2231BAFD000FEBC2 /* Info.plist */,
			);
			path = "quick-gramUITests";
			sourceTree = "<group>";
		};
/* End PBXGroup section */

/* Begin PBXNativeTarget section */
		273FA7E52231BAFB000FEBC2 /* quick-gram */ = {
			isa = PBXNativeTarget;
			buildConfigurationList = 273FA80E2231BAFD000FEBC2 /* Build configuration list for PBXNativeTarget "quick-gram" */;
			buildPhases = (
				273FA7E22231BAFB000FEBC2 /* Sources */,
				273FA7E32231BAFB000FEBC2 /* Frameworks */,
				273FA7E42231BAFB000FEBC2 /* Resources */,
			);
			buildRules = (
			);
			dependencies = (
			);
			name = "quick-gram";
			productName = "quick-gram";
			productReference = 273FA7E62231BAFB000FEBC2 /* quick-gram.app */;
			productType = "com.apple.product-type.application";
		};
		273FA7F92231BAFD000FEBC2 /* quick-gramTests */ = {
			isa = PBXNativeTarget;
			buildConfigurationList = 273FA8112231BAFD000FEBC2 /* Build configuration list for PBXNativeTarget "quick-gramTests" */;
			buildPhases = (
				273FA7F62231BAFD000FEBC2 /* Sources */,
				273FA7F72231BAFD000FEBC2 /* Frameworks */,
				273FA7F82231BAFD000FEBC2 /* Resources */,
			);
			buildRules = (
			);
			dependencies = (
				273FA7FC2231BAFD000FEBC2 /* PBXTargetDependency */,
			);
			name = "quick-gramTests";
			productName = "quick-gramTests";
			productReference = 273FA7FA2231BAFD000FEBC2 /* quick-gramTests.xctest */;
			productType = "com.apple.product-type.bundle.unit-test";
		};
		273FA8042231BAFD000FEBC2 /* quick-gramUITests */ = {
			isa = PBXNativeTarget;
			buildConfigurationList = 273FA8142231BAFD000FEBC2 /* Build configuration list for PBXNativeTarget "quick-gramUITests" */;
			buildPhases = (
				273FA8012231BAFD000FEBC2 /* Sources */,
				273FA8022231BAFD000FEBC2 /* Frameworks */,
				273FA8032231BAFD000FEBC2 /* Resources */,
			);
			buildRules = (
			);
			dependencies = (
				273FA8072231BAFD000FEBC2 /* PBXTargetDependency */,
			);
			name = "quick-gramUITests";
			productName = "quick-gramUITests";
			productReference = 273FA8052231BAFD000FEBC2 /* quick-gramUITests.xctest */;
			productType = "com.apple.product-type.bundle.ui-testing";
		};
/* End PBXNativeTarget section */

/* Begin PBXProject section */
		273FA7DE2231BAFB000FEBC2 /* Project object */ = {
			isa = PBXProject;
			attributes = {
				LastSwiftUpdateCheck = 1010;
				LastUpgradeCheck = 1010;
				ORGANIZATIONNAME = Jonathan;
				TargetAttributes = {
					273FA7E52231BAFB000FEBC2 = {
						CreatedOnToolsVersion = 10.1;
					};
					273FA7F92231BAFD000FEBC2 = {
						CreatedOnToolsVersion = 10.1;
						TestTargetID = 273FA7E52231BAFB000FEBC2;
					};
					273FA8042231BAFD000FEBC2 = {
						CreatedOnToolsVersion = 10.1;
						TestTargetID = 273FA7E52231BAFB000FEBC2;
					};
				};
			};
			buildConfigurationList = 273FA7E12231BAFB000FEBC2 /* Build configuration list for PBXProject "quick-gram" */;
			compatibilityVersion = "Xcode 9.3";
			developmentRegion = en;
			hasScannedForEncodings = 0;
			knownRegions = (
				en,
				Base,
			);
			mainGroup = 273FA7DD2231BAFB000FEBC2;
			productRefGroup = 273FA7E72231BAFB000FEBC2 /* Products */;
			projectDirPath = "";
			projectRoot = "";
			targets = (
				273FA7E52231BAFB000FEBC2 /* quick-gram */,
				273FA7F92231BAFD000FEBC2 /* quick-gramTests */,
				273FA8042231BAFD000FEBC2 /* quick-gramUITests */,
			);
		};
/* End PBXProject section */

/* Begin PBXResourcesBuildPhase section */
		273FA7E42231BAFB000FEBC2 /* Resources */ = {
			isa = PBXResourcesBuildPhase;
			buildActionMask = 2147483647;
			files = (
				273FA7F42231BAFD000FEBC2 /* LaunchScreen.storyboard in Resources */,
				273FA7F12231BAFD000FEBC2 /* Assets.xcassets in Resources */,
				273FA7EF2231BAFB000FEBC2 /* Main.storyboard in Resources */,
			);
			runOnlyForDeploymentPostprocessing = 0;
		};
		273FA7F82231BAFD000FEBC2 /* Resources */ = {
			isa = PBXResourcesBuildPhase;
			buildActionMask = 2147483647;
			files = (
			);
			runOnlyForDeploymentPostprocessing = 0;
		};
		273FA8032231BAFD000FEBC2 /* Resources */ = {
			isa = PBXResourcesBuildPhase;
			buildActionMask = 2147483647;
			files = (
			);
			runOnlyForDeploymentPostprocessing = 0;
		};
/* End PBXResourcesBuildPhase section */

/* Begin PBXSourcesBuildPhase section */
		273FA7E22231BAFB000FEBC2 /* Sources */ = {
			isa = PBXSourcesBuildPhase;
			buildActionMask = 2147483647;
			files = (
				273FA7EC2231BAFB000FEBC2 /* ViewController.swift in Sources */,
				273FA7EA2231BAFB000FEBC2 /* AppDelegate.swift in Sources */,
			);
			runOnlyForDeploymentPostprocessing = 0;
		};
		273FA7F62231BAFD000FEBC2 /* Sources */ = {
			isa = PBXSourcesBuildPhase;
			buildActionMask = 2147483647;
			files = (
				273FA7FF2231BAFD000FEBC2 /* quick_gramTests.swift in Sources */,
			);
			runOnlyForDeploymentPostprocessing = 0;
		};
		273FA8012231BAFD000FEBC2 /* Sources */ = {
			isa = PBXSourcesBuildPhase;
			buildActionMask = 2147483647;
			files = (
				273FA80A2231BAFD000FEBC2 /* quick_gramUITests.swift in Sources */,
			);
			runOnlyForDeploymentPostprocessing = 0;
		};
/* End PBXSourcesBuildPhase section */

/* Begin PBXTargetDependency section */
		273FA7FC2231BAFD000FEBC2 /* PBXTargetDependency */ = {
			isa = PBXTargetDependency;
			target = 273FA7E52231BAFB000FEBC2 /* quick-gram */;
			targetProxy = 273FA7FB2231BAFD000FEBC2 /* PBXContainerItemProxy */;
		};
		273FA8072231BAFD000FEBC2 /* PBXTargetDependency */ = {
			isa = PBXTargetDependency;
			target = 273FA7E52231BAFB000FEBC2 /* quick-gram */;
			targetProxy = 273FA8062231BAFD000FEBC2 /* PBXContainerItemProxy */;
		};
/* End PBXTargetDependency section */

/* Begin PBXVariantGroup section */
		273FA7ED2231BAFB000FEBC2 /* Main.storyboard */ = {
			isa = PBXVariantGroup;
			children = (
				273FA7EE2231BAFB000FEBC2 /* Base */,
			);
			name = Main.storyboard;
			sourceTree = "<group>";
		};
		273FA7F22231BAFD000FEBC2 /* LaunchScreen.storyboard */ = {
			isa = PBXVariantGroup;
			children = (
				273FA7F32231BAFD000FEBC2 /* Base */,
			);
			name = LaunchScreen.storyboard;
			sourceTree = "<group>";
		};
/* End PBXVariantGroup section */

/* Begin XCBuildConfiguration section */
		273FA80C2231BAFD000FEBC2 /* Debug */ = {
			isa = XCBuildConfiguration;
			buildSettings = {
				ALWAYS_SEARCH_USER_PATHS = NO;
				CLANG_ANALYZER_NONNULL = YES;
				CLANG_ANALYZER_NUMBER_OBJECT_CONVERSION = YES_AGGRESSIVE;
				CLANG_CXX_LANGUAGE_STANDARD = "gnu++14";
				CLANG_CXX_LIBRARY = "libc++";
				CLANG_ENABLE_MODULES = YES;
				CLANG_ENABLE_OBJC_ARC = YES;
				CLANG_ENABLE_OBJC_WEAK = YES;
				CLANG_WARN_BLOCK_CAPTURE_AUTORELEASING = YES;
				CLANG_WARN_BOOL_CONVERSION = YES;
				CLANG_WARN_COMMA = YES;
				CLANG_WARN_CONSTANT_CONVERSION = YES;
				CLANG_WARN_DEPRECATED_OBJC_IMPLEMENTATIONS = YES;
				CLANG_WARN_DIRECT_OBJC_ISA_USAGE = YES_ERROR;
				CLANG_WARN_DOCUMENTATION_COMMENTS = YES;
				CLANG_WARN_EMPTY_BODY = YES;
				CLANG_WARN_ENUM_CONVERSION = YES;
				CLANG_WARN_INFINITE_RECURSION = YES;
				CLANG_WARN_INT_CONVERSION = YES;
				CLANG_WARN_NON_LITERAL_NULL_CONVERSION = YES;
				CLANG_WARN_OBJC_IMPLICIT_RETAIN_SELF = YES;
				CLANG_WARN_OBJC_LITERAL_CONVERSION = YES;
				CLANG_WARN_OBJC_ROOT_CLASS = YES_ERROR;
				CLANG_WARN_RANGE_LOOP_ANALYSIS = YES;
				CLANG_WARN_STRICT_PROTOTYPES = YES;
				CLANG_WARN_SUSPICIOUS_MOVE = YES;
				CLANG_WARN_UNGUARDED_AVAILABILITY = YES_AGGRESSIVE;
				CLANG_WARN_UNREACHABLE_CODE = YES;
				CLANG_WARN__DUPLICATE_METHOD_MATCH = YES;
				CODE_SIGN_IDENTITY = "iPhone Developer";
				COPY_PHASE_STRIP = NO;
				DEBUG_INFORMATION_FORMAT = dwarf;
				ENABLE_STRICT_OBJC_MSGSEND = YES;
				ENABLE_TESTABILITY = YES;
				GCC_C_LANGUAGE_STANDARD = gnu11;
				GCC_DYNAMIC_NO_PIC = NO;
				GCC_NO_COMMON_BLOCKS = YES;
				GCC_OPTIMIZATION_LEVEL = 0;
				GCC_PREPROCESSOR_DEFINITIONS = (
					"DEBUG=1",
					"$(inherited)",
				);
				GCC_WARN_64_TO_32_BIT_CONVERSION = YES;
				GCC_WARN_ABOUT_RETURN_TYPE = YES_ERROR;
				GCC_WARN_UNDECLARED_SELECTOR = YES;
				GCC_WARN_UNINITIALIZED_AUTOS = YES_AGGRESSIVE;
				GCC_WARN_UNUSED_FUNCTION = YES;
				GCC_WARN_UNUSED_VARIABLE = YES;
				IPHONEOS_DEPLOYMENT_TARGET = 12.1;
				MTL_ENABLE_DEBUG_INFO = INCLUDE_SOURCE;
				MTL_FAST_MATH = YES;
				ONLY_ACTIVE_ARCH = YES;
				SDKROOT = iphoneos;
				SWIFT_ACTIVE_COMPILATION_CONDITIONS = DEBUG;
				SWIFT_OPTIMIZATION_LEVEL = "-Onone";
			};
			name = Debug;
		};
		273FA80D2231BAFD000FEBC2 /* Release */ = {
			isa = XCBuildConfiguration;
			buildSettings = {
				ALWAYS_SEARCH_USER_PATHS = NO;
				CLANG_ANALYZER_NONNULL = YES;
				CLANG_ANALYZER_NUMBER_OBJECT_CONVERSION = YES_AGGRESSIVE;
				CLANG_CXX_LANGUAGE_STANDARD = "gnu++14";
				CLANG_CXX_LIBRARY = "libc++";
				CLANG_ENABLE_MODULES = YES;
				CLANG_ENABLE_OBJC_ARC = YES;
				CLANG_ENABLE_OBJC_WEAK = YES;
				CLANG_WARN_BLOCK_CAPTURE_AUTORELEASING = YES;
				CLANG_WARN_BOOL_CONVERSION = YES;
				CLANG_WARN_COMMA = YES;
				CLANG_WARN_CONSTANT_CONVERSION = YES;
				CLANG_WARN_DEPRECATED_OBJC_IMPLEMENTATIONS = YES;
				CLANG_WARN_DIRECT_OBJC_ISA_USAGE = YES_ERROR;
				CLANG_WARN_DOCUMENTATION_COMMENTS = YES;
				CLANG_WARN_EMPTY_BODY = YES;
				CLANG_WARN_ENUM_CONVERSION = YES;
				CLANG_WARN_INFINITE_RECURSION = YES;
				CLANG_WARN_INT_CONVERSION = YES;
				CLANG_WARN_NON_LITERAL_NULL_CONVERSION = YES;
				CLANG_WARN_OBJC_IMPLICIT_RETAIN_SELF = YES;
				CLANG_WARN_OBJC_LITERAL_CONVERSION = YES;
				CLANG_WARN_OBJC_ROOT_CLASS = YES_ERROR;
				CLANG_WARN_RANGE_LOOP_ANALYSIS = YES;
				CLANG_WARN_STRICT_PROTOTYPES = YES;
				CLANG_WARN_SUSPICIOUS_MOVE = YES;
				CLANG_WARN_UNGUARDED_AVAILABILITY = YES_AGGRESSIVE;
				CLANG_WARN_UNREACHABLE_CODE = YES;
				CLANG_WARN__DUPLICATE_METHOD_MATCH = YES;
				CODE_SIGN_IDENTITY = "iPhone Developer";
				COPY_PHASE_STRIP = NO;
				DEBUG_INFORMATION_FORMAT = "dwarf-with-dsym";
				ENABLE_NS_ASSERTIONS = NO;
				ENABLE_STRICT_OBJC_MSGSEND = YES;
				GCC_C_LANGUAGE_STANDARD = gnu11;
				GCC_NO_COMMON_BLOCKS = YES;
				GCC_WARN_64_TO_32_BIT_CONVERSION = YES;
				GCC_WARN_ABOUT_RETURN_TYPE = YES_ERROR;
				GCC_WARN_UNDECLARED_SELECTOR = YES;
				GCC_WARN_UNINITIALIZED_AUTOS = YES_AGGRESSIVE;
				GCC_WARN_UNUSED_FUNCTION = YES;
				GCC_WARN_UNUSED_VARIABLE = YES;
				IPHONEOS_DEPLOYMENT_TARGET = 12.1;
				MTL_ENABLE_DEBUG_INFO = NO;
				MTL_FAST_MATH = YES;
				SDKROOT = iphoneos;
				SWIFT_COMPILATION_MODE = wholemodule;
				SWIFT_OPTIMIZATION_LEVEL = "-O";
				VALIDATE_PRODUCT = YES;
			};
			name = Release;
		};
		273FA80F2231BAFD000FEBC2 /* Debug */ = {
			isa = XCBuildConfiguration;
			buildSettings = {
				ASSETCATALOG_COMPILER_APPICON_NAME = AppIcon;
				CODE_SIGN_STYLE = Automatic;
				INFOPLIST_FILE = "quick-gram/Info.plist";
				LD_RUNPATH_SEARCH_PATHS = (
					"$(inherited)",
					"@executable_path/Frameworks",
				);
				PRODUCT_BUNDLE_IDENTIFIER = "khiiidd.quick-gram";
				PRODUCT_NAME = "$(TARGET_NAME)";
				SWIFT_VERSION = 4.2;
				TARGETED_DEVICE_FAMILY = "1,2";
			};
			name = Debug;
		};
		273FA8102231BAFD000FEBC2 /* Release */ = {
			isa = XCBuildConfiguration;
			buildSettings = {
				ASSETCATALOG_COMPILER_APPICON_NAME = AppIcon;
				CODE_SIGN_STYLE = Automatic;
				INFOPLIST_FILE = "quick-gram/Info.plist";
				LD_RUNPATH_SEARCH_PATHS = (
					"$(inherited)",
					"@executable_path/Frameworks",
				);
				PRODUCT_BUNDLE_IDENTIFIER = "khiiidd.quick-gram";
				PRODUCT_NAME = "$(TARGET_NAME)";
				SWIFT_VERSION = 4.2;
				TARGETED_DEVICE_FAMILY = "1,2";
			};
			name = Release;
		};
		273FA8122231BAFD000FEBC2 /* Debug */ = {
			isa = XCBuildConfiguration;
			buildSettings = {
				ALWAYS_EMBED_SWIFT_STANDARD_LIBRARIES = YES;
				BUNDLE_LOADER = "$(TEST_HOST)";
				CODE_SIGN_STYLE = Automatic;
				INFOPLIST_FILE = "quick-gramTests/Info.plist";
				LD_RUNPATH_SEARCH_PATHS = (
					"$(inherited)",
					"@executable_path/Frameworks",
					"@loader_path/Frameworks",
				);
				PRODUCT_BUNDLE_IDENTIFIER = "khiiidd.quick-gramTests";
				PRODUCT_NAME = "$(TARGET_NAME)";
				SWIFT_VERSION = 4.2;
				TARGETED_DEVICE_FAMILY = "1,2";
				TEST_HOST = "$(BUILT_PRODUCTS_DIR)/quick-gram.app/quick-gram";
			};
			name = Debug;
		};
		273FA8132231BAFD000FEBC2 /* Release */ = {
			isa = XCBuildConfiguration;
			buildSettings = {
				ALWAYS_EMBED_SWIFT_STANDARD_LIBRARIES = YES;
				BUNDLE_LOADER = "$(TEST_HOST)";
				CODE_SIGN_STYLE = Automatic;
				INFOPLIST_FILE = "quick-gramTests/Info.plist";
				LD_RUNPATH_SEARCH_PATHS = (
					"$(inherited)",
					"@executable_path/Frameworks",
					"@loader_path/Frameworks",
				);
				PRODUCT_BUNDLE_IDENTIFIER = "khiiidd.quick-gramTests";
				PRODUCT_NAME = "$(TARGET_NAME)";
				SWIFT_VERSION = 4.2;
				TARGETED_DEVICE_FAMILY = "1,2";
				TEST_HOST = "$(BUILT_PRODUCTS_DIR)/quick-gram.app/quick-gram";
			};
			name = Release;
		};
		273FA8152231BAFD000FEBC2 /* Debug */ = {
			isa = XCBuildConfiguration;
			buildSettings = {
				ALWAYS_EMBED_SWIFT_STANDARD_LIBRARIES = YES;
				CODE_SIGN_STYLE = Automatic;
				INFOPLIST_FILE = "quick-gramUITests/Info.plist";
				LD_RUNPATH_SEARCH_PATHS = (
					"$(inherited)",
					"@executable_path/Frameworks",
					"@loader_path/Frameworks",
				);
				PRODUCT_BUNDLE_IDENTIFIER = "khiiidd.quick-gramUITests";
				PRODUCT_NAME = "$(TARGET_NAME)";
				SWIFT_VERSION = 4.2;
				TARGETED_DEVICE_FAMILY = "1,2";
				TEST_TARGET_NAME = "quick-gram";
			};
			name = Debug;
		};
		273FA8162231BAFD000FEBC2 /* Release */ = {
			isa = XCBuildConfiguration;
			buildSettings = {
				ALWAYS_EMBED_SWIFT_STANDARD_LIBRARIES = YES;
				CODE_SIGN_STYLE = Automatic;
				INFOPLIST_FILE = "quick-gramUITests/Info.plist";
				LD_RUNPATH_SEARCH_PATHS = (
					"$(inherited)",
					"@executable_path/Frameworks",
					"@loader_path/Frameworks",
				);
				PRODUCT_BUNDLE_IDENTIFIER = "khiiidd.quick-gramUITests";
				PRODUCT_NAME = "$(TARGET_NAME)";
				SWIFT_VERSION = 4.2;
				TARGETED_DEVICE_FAMILY = "1,2";
				TEST_TARGET_NAME = "quick-gram";
			};
			name = Release;
		};
/* End XCBuildConfiguration section */

/* Begin XCConfigurationList section */
		273FA7E12231BAFB000FEBC2 /* Build configuration list for PBXProject "quick-gram" */ = {
			isa = XCConfigurationList;
			buildConfigurations = (
				273FA80C2231BAFD000FEBC2 /* Debug */,
				273FA80D2231BAFD000FEBC2 /* Release */,
			);
			defaultConfigurationIsVisible = 0;
			defaultConfigurationName = Release;
		};
		273FA80E2231BAFD000FEBC2 /* Build configuration list for PBXNativeTarget "quick-gram" */ = {
			isa = XCConfigurationList;
			buildConfigurations = (
				273FA80F2231BAFD000FEBC2 /* Debug */,
				273FA8102231BAFD000FEBC2 /* Release */,
			);
			defaultConfigurationIsVisible = 0;
			defaultConfigurationName = Release;
		};
		273FA8112231BAFD000FEBC2 /* Build configuration list for PBXNativeTarget "quick-gramTests" */ = {
			isa = XCConfigurationList;
			buildConfigurations = (
				273FA8122231BAFD000FEBC2 /* Debug */,
				273FA8132231BAFD000FEBC2 /* Release */,
			);
			defaultConfigurationIsVisible = 0;
			defaultConfigurationName = Release;
		};
		273FA8142231BAFD000FEBC2 /* Build configuration list for PBXNativeTarget "quick-gramUITests" */ = {
			isa = XCConfigurationList;
			buildConfigurations = (
				273FA8152231BAFD000FEBC2 /* Debug */,
				273FA8162231BAFD000FEBC2 /* Release */,
			);
			defaultConfigurationIsVisible = 0;
			defaultConfigurationName = Release;
		};
/* End XCConfigurationList section */
	};
	rootObject = 273FA7DE2231BAFB000FEBC2 /* Project object */;
}
